
Microsoft Visual Studio Solution File, Format Version 12.00
# Visual Studio 15
VisualStudioVersion = 15.0.27130.2010
MinimumVisualStudioVersion = 10.0.40219.1
Project("{FAE04EC0-301F-11D3-BF4B-00C04F79EFBC}") = "OOPLong8A", "OOPLong8A\OOPLong8A.csproj", "{A0B72CBF-E86E-4F9C-9F91-826F6F058A75}"
EndProject
Global
	GlobalSection(SolutionConfigurationPlatforms) = preSolution
		Debug|Any CPU = Debug|Any CPU
		Release|Any CPU = Release|Any CPU
	EndGlobalSection
	GlobalSection(ProjectConfigurationPlatforms) = postSolution
		{A0B72CBF-E86E-4F9C-9F91-826F6F058A75}.Debug|Any CPU.ActiveCfg = Debug|Any CPU
		{A0B72CBF-E86E-4F9C-9F91-826F6F058A75}.Debug|Any CPU.Build.0 = Debug|Any CPU
		{A0B72CBF-E86E-4F9C-9F91-826F6F058A75}.Release|Any CPU.ActiveCfg = Release|Any CPU
		{A0B72CBF-E86E-4F9C-9F91-826F6F058A75}.Release|Any CPU.Build.0 = Release|Any CPU
	EndGlobalSection
	GlobalSection(SolutionProperties) = preSolution
		HideSolutionNode = FALSE
	EndGlobalSection
	GlobalSection(ExtensibilityGlobals) = postSolution
		SolutionGuid = {03E3B4C8-E59B-44DD-B9CA-F863209D01EA}
	EndGlobalSection
EndGlobal
